{
  "name": "chuangshibang",
  "version": "1.0.0",
  "lockfileVersion": 1,
  "requires": true,
  "dependencies": {
    "deepmerge": {
      "version": "4.2.2",
      "resolved": "https://registry.npm.taobao.org/deepmerge/download/deepmerge-4.2.2.tgz?cache=0&sync_timestamp=1572279720382&other_urls=https%3A%2F%2Fregistry.npm.taobao.org%2Fdeepmerge%2Fdownload%2Fdeepmerge-4.2.2.tgz",
      "integrity": "sha1-RNLqNnm49NT/ujPwPYZfwee/SVU="
    },
    "shvl": {
      "version": "2.0.0",
      "resolved": "https://registry.npm.taobao.org/shvl/download/shvl-2.0.0.tgz",
      "integrity": "sha1-Vf1VC26Bv3V08vV2uLXB/6504Q8="
    },
    "vuex-persistedstate": {
      "version": "2.7.0",
      "resolved": "https://registry.npm.taobao.org/vuex-persistedstate/download/vuex-persistedstate-2.7.0.tgz",
      "integrity": "sha1-9gquThFjvyk2lqYlUm2/+qQuQp4=",
      "requires": {
        "deepmerge": "4.2.2",
        "shvl": "2.0.0"
      }
    }
  }
}
